# THIS IS AN AUTOGENERATED FILE. DO NOT EDIT THIS FILE DIRECTLY.
# yarn lockfile v1
asap@~2.0.3:
  version "2.0.5"
  resolved "https://registry.yarnpkg.com/asap/-/asap-2.0.5.tgz#522765b50c3510490e52d7dcfe085ef9ba96958f"

clone@~2.0.0:
  version "2.0.0"
  resolved "https://registry.yarnpkg.com/clone/-/clone-2.0.0.tgz#df65d3ca142e4a4a47db33da3468d088a16fc76e"

core-js@^1.0.0:
  version "1.2.7"
  resolved "https://registry.yarnpkg.com/core-js/-/core-js-1.2.7.tgz#652294c14651db28fa93bd2d5ff2983a4f08c636"

deep-equal@^1.0.1, deep-equal@~1.0.1:
  version "1.0.1"
  resolved "https://registry.yarnpkg.com/deep-equal/-/deep-equal-1.0.1.tgz#f5d260292b660e084eff4cdbc9f08ad3247448b5"

draft-js:
  version "0.9.1"
  resolved "https://registry.yarnpkg.com/draft-js/-/draft-js-0.9.1.tgz#940a51a0ad1fede0411676b6404f4050495f54f9"
  dependencies:
    fbjs "^0.8.3"
    immutable "~3.7.4"
    object-assign "^4.1.0"

encoding@^0.1.11:
  version "0.1.12"
  resolved "https://registry.yarnpkg.com/encoding/-/encoding-0.1.12.tgz#538b66f3ee62cd1ab51ec323829d1f9480c74beb"
  dependencies:
    iconv-lite "~0.4.13"

eventemitter3@~2.0.1:
  version "2.0.2"
  resolved "https://registry.yarnpkg.com/eventemitter3/-/eventemitter3-2.0.2.tgz#20ce4891909ce9f35b088c94fab40e2c96f473ac"

extend@^3.0.0, extend@~3.0.0:
  version "3.0.0"
  resolved "https://registry.yarnpkg.com/extend/-/extend-3.0.0.tgz#5a474353b9f3353ddd8176dfd37b91c83a46f1d4"

fast-diff@1.1.1:
  version "1.1.1"
  resolved "https://registry.yarnpkg.com/fast-diff/-/fast-diff-1.1.1.tgz#0aea0e4e605b6a2189f0e936d4b7fbaf1b7cfd9b"

fbjs@^0.8.3:
  version "0.8.5"
  resolved "https://registry.yarnpkg.com/fbjs/-/fbjs-0.8.5.tgz#f69ba8a876096cb1b9bffe4d7c1e71c19d39d008"
  dependencies:
    core-js "^1.0.0"
    immutable "^3.7.6"
    isomorphic-fetch "^2.1.1"
    loose-envify "^1.0.0"
    object-assign "^4.1.0"
    promise "^7.1.1"
    ua-parser-js "^0.7.9"

iconv-lite@~0.4.13:
  version "0.4.13"
  resolved "https://registry.yarnpkg.com/iconv-lite/-/iconv-lite-0.4.13.tgz#1f88aba4ab0b1508e8312acc39345f36e992e2f2"

immutable@^3.7.6:
  version "3.8.1"
  resolved "https://registry.yarnpkg.com/immutable/-/immutable-3.8.1.tgz#200807f11ab0f72710ea485542de088075f68cd2"

immutable@~3.7.4:
  version "3.7.6"
  resolved "https://registry.yarnpkg.com/immutable/-/immutable-3.7.6.tgz#13b4d3cb12befa15482a26fe1b2ebae640071e4b"

is-stream@^1.0.1:
  version "1.1.0"
  resolved "https://registry.yarnpkg.com/is-stream/-/is-stream-1.1.0.tgz#12d4a3dd4e68e0b79ceb8dbc84173ae80d91ca44"

isomorphic-fetch@^2.1.1:
  version "2.2.1"
  resolved "https://registry.yarnpkg.com/isomorphic-fetch/-/isomorphic-fetch-2.2.1.tgz#611ae1acf14f5e81f729507472819fe9733558a9"
  dependencies:
    node-fetch "^1.0.1"
    whatwg-fetch ">=0.10.0"

js-tokens@^2.0.0:
  version "2.0.0"
  resolved "https://registry.yarnpkg.com/js-tokens/-/js-tokens-2.0.0.tgz#79903f5563ee778cc1162e6dcf1a0027c97f9cb5"

loose-envify@^1.0.0:
  version "1.3.0"
  resolved "https://registry.yarnpkg.com/loose-envify/-/loose-envify-1.3.0.tgz#6b26248c42f6d4fa4b0d8542f78edfcde35642a8"
  dependencies:
    js-tokens "^2.0.0"

node-fetch@^1.0.1:
  version "1.6.3"
  resolved "https://registry.yarnpkg.com/node-fetch/-/node-fetch-1.6.3.tgz#dc234edd6489982d58e8f0db4f695029abcd8c04"
  dependencies:
    encoding "^0.1.11"
    is-stream "^1.0.1"

object-assign@^4.1.0:
  version "4.1.0"
  resolved "https://registry.yarnpkg.com/object-assign/-/object-assign-4.1.0.tgz#7a3b3d0e98063d43f4c03f2e8ae6cd51a86883a0"

parchment@1.0.2:
  version "1.0.2"
  resolved "https://registry.yarnpkg.com/parchment/-/parchment-1.0.2.tgz#df6aae2fce06dbc1bbc0b949ef82e55ebe0fae13"

prismjs:
  version "1.5.1"
  resolved "https://registry.yarnpkg.com/prismjs/-/prismjs-1.5.1.tgz#224990100ff6c2a7588d086be1a5ac62e83690f7"

promise@^7.1.1:
  version "7.1.1"
  resolved "https://registry.yarnpkg.com/promise/-/promise-7.1.1.tgz#489654c692616b8aa55b0724fa809bb7db49c5bf"
  dependencies:
    asap "~2.0.3"

quill-delta@3.4.2:
  version "3.4.2"
  resolved "https://registry.yarnpkg.com/quill-delta/-/quill-delta-3.4.2.tgz#177e11a6c88d2a04fa34cabb333f556278d96848"
  dependencies:
    deep-equal "^1.0.1"
    extend "^3.0.0"
    fast-diff "1.1.1"

quill@^1.0.3:
  version "1.1.3"
  resolved "https://registry.yarnpkg.com/quill/-/quill-1.1.3.tgz#c3242561d7575baf43fbb8e9abbfc3a7f291ad4b"
  dependencies:
    clone "~2.0.0"
    deep-equal "~1.0.1"
    eventemitter3 "~2.0.1"
    extend "~3.0.0"
    parchment "1.0.2"
    quill-delta "3.4.2"

ua-parser-js@^0.7.9:
  version "0.7.10"
  resolved "https://registry.yarnpkg.com/ua-parser-js/-/ua-parser-js-0.7.10.tgz#917559ddcce07cbc09ece7d80495e4c268f4ef9f"

whatwg-fetch@>=0.10.0:
  version "1.0.0"
  resolved "https://registry.yarnpkg.com/whatwg-fetch/-/whatwg-fetch-1.0.0.tgz#01c2ac4df40e236aaa18480e3be74bd5c8eb798e"

